
Microsoft Visual Studio Solution File, Format Version 12.00
# Visual Studio Version 16
VisualStudioVersion = 16.0.30523.141
MinimumVisualStudioVersion = 10.0.40219.1
Project("{FAE04EC0-301F-11D3-BF4B-00C04F79EFBC}") = "RTS_Term_Project", "RTS_Term_Project.csproj", "{79562396-DB70-4905-AAD2-2CDF004E3A9D}"
EndProject
Global
	GlobalSection(SolutionConfigurationPlatforms) = preSolution
		Debug|Any CPU = Debug|Any CPU
		Release|Any CPU = Release|Any CPU
	EndGlobalSection
	GlobalSection(ProjectConfigurationPlatforms) = postSolution
		{79562396-DB70-4905-AAD2-2CDF004E3A9D}.Debug|Any CPU.ActiveCfg = Debug|Any CPU
		{79562396-DB70-4905-AAD2-2CDF004E3A9D}.Debug|Any CPU.Build.0 = Debug|Any CPU
		{79562396-DB70-4905-AAD2-2CDF004E3A9D}.Release|Any CPU.ActiveCfg = Release|Any CPU
		{79562396-DB70-4905-AAD2-2CDF004E3A9D}.Release|Any CPU.Build.0 = Release|Any CPU
	EndGlobalSection
	GlobalSection(SolutionProperties) = preSolution
		HideSolutionNode = FALSE
	EndGlobalSection
	GlobalSection(ExtensibilityGlobals) = postSolution
		SolutionGuid = {4FCE1C08-7C19-4705-ACF0-9598002B0178}
	EndGlobalSection
EndGlobal
